
Microsoft Visual Studio Solution File, Format Version 12.00
# Visual Studio Version 17
VisualStudioVersion = 17.5.2.0
MinimumVisualStudioVersion = 10.0.40219.1
Project("{2150E333-8FDC-42A3-9474-1A3956D46DE8}") = "backend", "backend", "{1AE8ACA6-933B-BF2A-3671-3E2EAC007D16}"
EndProject
Project("{FAE04EC0-301F-11D3-BF4B-00C04F79EFBC}") = "BackendAPI", "backend\BackendAPI\BackendAPI.csproj", "{3F95B0C2-7D5B-09D1-0550-327DD0225686}"
EndProject
Project("{2150E333-8FDC-42A3-9474-1A3956D46DE8}") = "mobile", "mobile", "{E0FC68D3-40F2-542A-6A90-38B94336C1AE}"
EndProject
Project("{FAE04EC0-301F-11D3-BF4B-00C04F79EFBC}") = "MobileApp", "mobile\MobileApp\MobileApp.csproj", "{CEB9FDDB-D669-4E77-9514-6E251BB23FA1}"
EndProject
Project("{2150E333-8FDC-42A3-9474-1A3956D46DE8}") = "shared", "shared", "{4F52FD11-658E-A102-6CD3-7D7C16FFA15B}"
EndProject
Project("{FAE04EC0-301F-11D3-BF4B-00C04F79EFBC}") = "SharedLib", "shared\SharedLib\SharedLib.csproj", "{B5220D7F-4C7B-47F5-A1C0-5A111CB2FED5}"
EndProject
Project("{2150E333-8FDC-42A3-9474-1A3956D46DE8}") = "admin", "admin", "{D0F5E9CB-7E45-4C44-8D7A-4F0B6D3CB86A}"
EndProject
Project("{FAE04EC0-301F-11D3-BF4B-00C04F79EFBC}") = "AdminWeb", "admin\AdminWeb\AdminWeb.csproj", "{A41F0C4E-58A6-4C5C-9D68-4D3AB2C8D9E1}"
EndProject
Global
	GlobalSection(SolutionConfigurationPlatforms) = preSolution
		Debug|Any CPU = Debug|Any CPU
		Debug|x64 = Debug|x64
		Debug|x86 = Debug|x86
		Release|Any CPU = Release|Any CPU
		Release|x64 = Release|x64
		Release|x86 = Release|x86
	EndGlobalSection
	GlobalSection(ProjectConfigurationPlatforms) = postSolution
		{3F95B0C2-7D5B-09D1-0550-327DD0225686}.Debug|Any CPU.ActiveCfg = Debug|Any CPU
		{3F95B0C2-7D5B-09D1-0550-327DD0225686}.Debug|Any CPU.Build.0 = Debug|Any CPU
		{3F95B0C2-7D5B-09D1-0550-327DD0225686}.Debug|x64.ActiveCfg = Debug|Any CPU
		{3F95B0C2-7D5B-09D1-0550-327DD0225686}.Debug|x64.Build.0 = Debug|Any CPU
		{3F95B0C2-7D5B-09D1-0550-327DD0225686}.Debug|x86.ActiveCfg = Debug|Any CPU
		{3F95B0C2-7D5B-09D1-0550-327DD0225686}.Debug|x86.Build.0 = Debug|Any CPU
		{3F95B0C2-7D5B-09D1-0550-327DD0225686}.Release|Any CPU.ActiveCfg = Release|Any CPU
		{3F95B0C2-7D5B-09D1-0550-327DD0225686}.Release|Any CPU.Build.0 = Release|Any CPU
		{3F95B0C2-7D5B-09D1-0550-327DD0225686}.Release|x64.ActiveCfg = Release|Any CPU
		{3F95B0C2-7D5B-09D1-0550-327DD0225686}.Release|x64.Build.0 = Release|Any CPU
		{3F95B0C2-7D5B-09D1-0550-327DD0225686}.Release|x86.ActiveCfg = Release|Any CPU
		{3F95B0C2-7D5B-09D1-0550-327DD0225686}.Release|x86.Build.0 = Release|Any CPU
		{CEB9FDDB-D669-4E77-9514-6E251BB23FA1}.Debug|Any CPU.ActiveCfg = Debug|Any CPU
		{CEB9FDDB-D669-4E77-9514-6E251BB23FA1}.Debug|Any CPU.Build.0 = Debug|Any CPU
		{CEB9FDDB-D669-4E77-9514-6E251BB23FA1}.Debug|x64.ActiveCfg = Debug|Any CPU
		{CEB9FDDB-D669-4E77-9514-6E251BB23FA1}.Debug|x64.Build.0 = Debug|Any CPU
		{CEB9FDDB-D669-4E77-9514-6E251BB23FA1}.Debug|x86.ActiveCfg = Debug|Any CPU
		{CEB9FDDB-D669-4E77-9514-6E251BB23FA1}.Debug|x86.Build.0 = Debug|Any CPU
		{CEB9FDDB-D669-4E77-9514-6E251BB23FA1}.Release|Any CPU.ActiveCfg = Release|Any CPU
		{CEB9FDDB-D669-4E77-9514-6E251BB23FA1}.Release|Any CPU.Build.0 = Release|Any CPU
		{CEB9FDDB-D669-4E77-9514-6E251BB23FA1}.Release|x64.ActiveCfg = Release|Any CPU
		{CEB9FDDB-D669-4E77-9514-6E251BB23FA1}.Release|x64.Build.0 = Release|Any CPU
		{CEB9FDDB-D669-4E77-9514-6E251BB23FA1}.Release|x86.ActiveCfg = Release|Any CPU
		{CEB9FDDB-D669-4E77-9514-6E251BB23FA1}.Release|x86.Build.0 = Release|Any CPU
		{B5220D7F-4C7B-47F5-A1C0-5A111CB2FED5}.Debug|Any CPU.ActiveCfg = Debug|Any CPU
		{B5220D7F-4C7B-47F5-A1C0-5A111CB2FED5}.Debug|Any CPU.Build.0 = Debug|Any CPU
		{B5220D7F-4C7B-47F5-A1C0-5A111CB2FED5}.Debug|x64.ActiveCfg = Debug|Any CPU
		{B5220D7F-4C7B-47F5-A1C0-5A111CB2FED5}.Debug|x64.Build.0 = Debug|Any CPU
		{B5220D7F-4C7B-47F5-A1C0-5A111CB2FED5}.Debug|x86.ActiveCfg = Debug|Any CPU
		{B5220D7F-4C7B-47F5-A1C0-5A111CB2FED5}.Debug|x86.Build.0 = Debug|Any CPU
		{B5220D7F-4C7B-47F5-A1C0-5A111CB2FED5}.Release|Any CPU.ActiveCfg = Release|Any CPU
		{B5220D7F-4C7B-47F5-A1C0-5A111CB2FED5}.Release|Any CPU.Build.0 = Release|Any CPU
		{B5220D7F-4C7B-47F5-A1C0-5A111CB2FED5}.Release|x64.ActiveCfg = Release|Any CPU
		{B5220D7F-4C7B-47F5-A1C0-5A111CB2FED5}.Release|x64.Build.0 = Release|Any CPU
		{B5220D7F-4C7B-47F5-A1C0-5A111CB2FED5}.Release|x86.ActiveCfg = Release|Any CPU
		{B5220D7F-4C7B-47F5-A1C0-5A111CB2FED5}.Release|x86.Build.0 = Release|Any CPU
		{A41F0C4E-58A6-4C5C-9D68-4D3AB2C8D9E1}.Debug|Any CPU.ActiveCfg = Debug|Any CPU
		{A41F0C4E-58A6-4C5C-9D68-4D3AB2C8D9E1}.Debug|Any CPU.Build.0 = Debug|Any CPU
		{A41F0C4E-58A6-4C5C-9D68-4D3AB2C8D9E1}.Debug|x64.ActiveCfg = Debug|Any CPU
		{A41F0C4E-58A6-4C5C-9D68-4D3AB2C8D9E1}.Debug|x64.Build.0 = Debug|Any CPU
		{A41F0C4E-58A6-4C5C-9D68-4D3AB2C8D9E1}.Debug|x86.ActiveCfg = Debug|Any CPU
		{A41F0C4E-58A6-4C5C-9D68-4D3AB2C8D9E1}.Debug|x86.Build.0 = Debug|Any CPU
		{A41F0C4E-58A6-4C5C-9D68-4D3AB2C8D9E1}.Release|Any CPU.ActiveCfg = Release|Any CPU
		{A41F0C4E-58A6-4C5C-9D68-4D3AB2C8D9E1}.Release|Any CPU.Build.0 = Release|Any CPU
		{A41F0C4E-58A6-4C5C-9D68-4D3AB2C8D9E1}.Release|x64.ActiveCfg = Release|Any CPU
		{A41F0C4E-58A6-4C5C-9D68-4D3AB2C8D9E1}.Release|x64.Build.0 = Release|Any CPU
		{A41F0C4E-58A6-4C5C-9D68-4D3AB2C8D9E1}.Release|x86.ActiveCfg = Release|Any CPU
		{A41F0C4E-58A6-4C5C-9D68-4D3AB2C8D9E1}.Release|x86.Build.0 = Release|Any CPU
	EndGlobalSection
	GlobalSection(SolutionProperties) = preSolution
		HideSolutionNode = FALSE
	EndGlobalSection
	GlobalSection(NestedProjects) = preSolution
		{3F95B0C2-7D5B-09D1-0550-327DD0225686} = {1AE8ACA6-933B-BF2A-3671-3E2EAC007D16}
		{CEB9FDDB-D669-4E77-9514-6E251BB23FA1} = {E0FC68D3-40F2-542A-6A90-38B94336C1AE}
		{B5220D7F-4C7B-47F5-A1C0-5A111CB2FED5} = {4F52FD11-658E-A102-6CD3-7D7C16FFA15B}
		{A41F0C4E-58A6-4C5C-9D68-4D3AB2C8D9E1} = {D0F5E9CB-7E45-4C44-8D7A-4F0B6D3CB86A}
	EndGlobalSection
	GlobalSection(ExtensibilityGlobals) = postSolution
		SolutionGuid = {5DBAFB3B-2482-45BC-B907-DE819E99B2E9}
	EndGlobalSection
EndGlobal
